
Microsoft Visual Studio Solution File, Format Version 12.00
# Visual Studio Version 17
VisualStudioVersion = 17.9.34728.123
MinimumVisualStudioVersion = 10.0.40219.1
Project("{FAE04EC0-301F-11D3-BF4B-00C04F79EFBC}") = "MyFinancialApp", "MyFinancialApp\MyFinancialApp.csproj", "{7B1B52E6-1B5E-43DF-A568-6FDBBC7508F6}"
EndProject
Global
	GlobalSection(SolutionConfigurationPlatforms) = preSolution
		Debug|Any CPU = Debug|Any CPU
		Release|Any CPU = Release|Any CPU
	EndGlobalSection
	GlobalSection(ProjectConfigurationPlatforms) = postSolution
		{7B1B52E6-1B5E-43DF-A568-6FDBBC7508F6}.Debug|Any CPU.ActiveCfg = Debug|Any CPU
		{7B1B52E6-1B5E-43DF-A568-6FDBBC7508F6}.Debug|Any CPU.Build.0 = Debug|Any CPU
		{7B1B52E6-1B5E-43DF-A568-6FDBBC7508F6}.Release|Any CPU.ActiveCfg = Release|Any CPU
		{7B1B52E6-1B5E-43DF-A568-6FDBBC7508F6}.Release|Any CPU.Build.0 = Release|Any CPU
	EndGlobalSection
	GlobalSection(SolutionProperties) = preSolution
		HideSolutionNode = FALSE
	EndGlobalSection
	GlobalSection(ExtensibilityGlobals) = postSolution
		SolutionGuid = {8203EA56-5031-4708-AB5D-8FA6454FE243}
	EndGlobalSection
EndGlobal
